# This file is generated by running "yarn install" inside your project.
# Manual changes might be lost - proceed with caution!

__metadata:
  version: 4
  cacheKey: 6

"asap@npm:~2.0.6":
  version: 2.0.6
  resolution: "asap@npm:2.0.6"
  checksum: 3d314f8c598b625a98347bacdba609d4c889c616ca5d8ea65acaae8050ab8b7aa6630df2cfe9856c20b260b432adf2ee7a65a1021f268ef70408c70f809e3a39
  languageName: node
  linkType: hard
